
Microsoft Visual Studio Solution File, Format Version 12.00
# Visual Studio Version 17
VisualStudioVersion = 17.4.33110.190
MinimumVisualStudioVersion = 10.0.40219.1
Project("{FAE04EC0-301F-11D3-BF4B-00C04F79EFBC}") = "final", "期末\final.csproj", "{76EA8300-D637-42A4-A09C-D5A7E5AF8328}"
EndProject
Global
	GlobalSection(SolutionConfigurationPlatforms) = preSolution
		Debug|Any CPU = Debug|Any CPU
		Release|Any CPU = Release|Any CPU
	EndGlobalSection
	GlobalSection(ProjectConfigurationPlatforms) = postSolution
		{76EA8300-D637-42A4-A09C-D5A7E5AF8328}.Debug|Any CPU.ActiveCfg = Debug|Any CPU
		{76EA8300-D637-42A4-A09C-D5A7E5AF8328}.Debug|Any CPU.Build.0 = Debug|Any CPU
		{76EA8300-D637-42A4-A09C-D5A7E5AF8328}.Release|Any CPU.ActiveCfg = Release|Any CPU
		{76EA8300-D637-42A4-A09C-D5A7E5AF8328}.Release|Any CPU.Build.0 = Release|Any CPU
	EndGlobalSection
	GlobalSection(SolutionProperties) = preSolution
		HideSolutionNode = FALSE
	EndGlobalSection
	GlobalSection(ExtensibilityGlobals) = postSolution
		SolutionGuid = {2B90D936-8848-4816-8ADF-E46C36BF1CE6}
	EndGlobalSection
EndGlobal
